
Microsoft Visual Studio Solution File, Format Version 12.00
# Visual Studio Version 16
VisualStudioVersion = 16.0.29709.97
MinimumVisualStudioVersion = 10.0.40219.1
Project("{FAE04EC0-301F-11D3-BF4B-00C04F79EFBC}") = "testing", "testinghell\testing.csproj", "{9C406F34-364D-43CD-B54E-1B0B55A4C05C}"
EndProject
Global
	GlobalSection(SolutionConfigurationPlatforms) = preSolution
		Debug|Any CPU = Debug|Any CPU
		Release|Any CPU = Release|Any CPU
	EndGlobalSection
	GlobalSection(ProjectConfigurationPlatforms) = postSolution
		{9C406F34-364D-43CD-B54E-1B0B55A4C05C}.Debug|Any CPU.ActiveCfg = Debug|Any CPU
		{9C406F34-364D-43CD-B54E-1B0B55A4C05C}.Debug|Any CPU.Build.0 = Debug|Any CPU
		{9C406F34-364D-43CD-B54E-1B0B55A4C05C}.Release|Any CPU.ActiveCfg = Release|Any CPU
		{9C406F34-364D-43CD-B54E-1B0B55A4C05C}.Release|Any CPU.Build.0 = Release|Any CPU
	EndGlobalSection
	GlobalSection(SolutionProperties) = preSolution
		HideSolutionNode = FALSE
	EndGlobalSection
	GlobalSection(ExtensibilityGlobals) = postSolution
		SolutionGuid = {7911043F-2FED-4352-94B2-B1ADF9ACE4B6}
	EndGlobalSection
EndGlobal
